
Microsoft Visual Studio Solution File, Format Version 12.00
# Visual Studio Version 16
VisualStudioVersion = 16.0.29503.13
MinimumVisualStudioVersion = 10.0.40219.1
Project("{FAE04EC0-301F-11D3-BF4B-00C04F79EFBC}") = "PYPEGA", "PYPEGA\PYPEGA.csproj", "{7D03529D-F669-484F-8E19-0BBC21660440}"
EndProject
Global
	GlobalSection(SolutionConfigurationPlatforms) = preSolution
		Debug|Any CPU = Debug|Any CPU
		Release|Any CPU = Release|Any CPU
	EndGlobalSection
	GlobalSection(ProjectConfigurationPlatforms) = postSolution
		{7D03529D-F669-484F-8E19-0BBC21660440}.Debug|Any CPU.ActiveCfg = Debug|Any CPU
		{7D03529D-F669-484F-8E19-0BBC21660440}.Debug|Any CPU.Build.0 = Debug|Any CPU
		{7D03529D-F669-484F-8E19-0BBC21660440}.Release|Any CPU.ActiveCfg = Release|Any CPU
		{7D03529D-F669-484F-8E19-0BBC21660440}.Release|Any CPU.Build.0 = Release|Any CPU
	EndGlobalSection
	GlobalSection(SolutionProperties) = preSolution
		HideSolutionNode = FALSE
	EndGlobalSection
	GlobalSection(ExtensibilityGlobals) = postSolution
		SolutionGuid = {BCA72072-E2B4-491B-B710-EA0EAC839293}
	EndGlobalSection
EndGlobal
